# Code generated by scarb DO NOT EDIT.
version = 1

[[package]]
name = "joyboy"
version = "0.1.0"
dependencies = [
 "openzeppelin",
 "snforge_std",
]

[[package]]
name = "openzeppelin"
version = "0.12.0"
source = "git+https://github.com/OpenZeppelin/cairo-contracts.git?tag=v0.12.0#0697004db74502ce49900edef37331dd03531356"

[[package]]
name = "snforge_std"
version = "0.25.0"
source = "git+https://github.com/foundry-rs/starknet-foundry?tag=v0.25.0#5b366e24821e530fea97f11b211d220e8493fbea"
