# Code generated by scarb DO NOT EDIT.
version = 1

[[package]]
name = "joyboy"
version = "0.1.0"
dependencies = [
 "openzeppelin",
 "snforge_std",
]

[[package]]
name = "openzeppelin"
version = "0.11.0"
source = "git+https://github.com/OpenZeppelin/cairo-contracts.git?tag=v0.11.0#a83f36b23f1af6e160288962be4a2701c3ecbcda"

[[package]]
name = "snforge_std"
version = "0.21.0"
source = "git+https://github.com/foundry-rs/starknet-foundry?tag=v0.21.0#2996b8c1dd66b2715fc67e69578089f278a46790"
